<?xml version="1.0" encoding="utf-8"?>
<Project ToolsVersion="4.0" xmlns="http://schemas.microsoft.com/developer/msbuild/2003">
  <ItemGroup>
    <Filter Include="源文件">
      <UniqueIdentifier>{4FC737F1-C7A5-4376-A066-2A32D752A2FF}</UniqueIdentifier>
      <Extensions>cpp;c;cc;cxx;def;odl;idl;hpj;bat;asm;asmx</Extensions>
    </Filter>
    <Filter Include="头文件">
      <UniqueIdentifier>{93995380-89BD-4b04-88EB-625FBE52EBFB}</UniqueIdentifier>
      <Extensions>h;hh;hpp;hxx;hm;inl;inc;ipp;xsd</Extensions>
    </Filter>
    <Filter Include="资源文件">
      <UniqueIdentifier>{67DA6AB6-F800-4c08-8B7A-83BB121AAD01}</UniqueIdentifier>
      <Extensions>rc;ico;cur;bmp;dlg;rc2;rct;bin;rgs;gif;jpg;jpeg;jpe;resx;tiff;tif;png;wav;mfcribbon-ms</Extensions>
    </Filter>
  </ItemGroup>
  <ItemGroup>
    <ClInclude Include="BeginForm.h">
      <Filter>头文件</Filter>
    </ClInclude>
    <ClInclude Include="BusLineInfo.h">
      <Filter>头文件</Filter>
    </ClInclude>
    <ClInclude Include="fanganxuanze.h">
      <Filter>头文件</Filter>
    </ClInclude>
    <ClInclude Include="guidaoxuanze.h">
      <Filter>头文件</Filter>
    </ClInclude>
    <ClInclude Include="liechedingyi.h">
      <Filter>头文件</Filter>
    </ClInclude>
    <ClInclude Include="ManydaysForm.h">
      <Filter>头文件</Filter>
    </ClInclude>
    <ClInclude Include="moxing.h">
      <Filter>头文件</Filter>
    </ClInclude>
    <ClInclude Include="OpenGL.h">
      <Filter>头文件</Filter>
    </ClInclude>
    <ClInclude Include="PeopleChangedForm.h">
      <Filter>头文件</Filter>
    </ClInclude>
    <ClInclude Include="PeopleFlowForm.h">
      <Filter>头文件</Filter>
    </ClInclude>
    <ClInclude Include="PowerDissipation.h">
      <Filter>头文件</Filter>
    </ClInclude>
    <ClInclude Include="PowerDissipationForm1.h">
      <Filter>头文件</Filter>
    </ClInclude>
    <ClInclude Include="resource.h">
      <Filter>头文件</Filter>
    </ClInclude>
    <ClInclude Include="Single_Project_UpDownPeopleForm.h">
      <Filter>头文件</Filter>
    </ClInclude>
    <ClInclude Include="Singleaxis.h">
      <Filter>头文件</Filter>
    </ClInclude>
    <ClInclude Include="StationPeopleTimeForm.h">
      <Filter>头文件</Filter>
    </ClInclude>
    <ClInclude Include="StationTimePeopleflow.h">
      <Filter>头文件</Filter>
    </ClInclude>
    <ClInclude Include="stdafx.h">
      <Filter>头文件</Filter>
    </ClInclude>
    <ClInclude Include="TimeandEmptyrateForm.h">
      <Filter>头文件</Filter>
    </ClInclude>
    <ClInclude Include="TimeandPeopleFlowForm.h">
      <Filter>头文件</Filter>
    </ClInclude>
    <ClInclude Include="TurnToSingleForm.h">
      <Filter>头文件</Filter>
    </ClInclude>
    <ClInclude Include="xianludingyi.h">
      <Filter>头文件</Filter>
    </ClInclude>
    <ClInclude Include="SimulateRoadForm.h">
      <Filter>头文件</Filter>
    </ClInclude>
    <ClInclude Include="StationLogicForm.h">
      <Filter>头文件</Filter>
    </ClInclude>
    <ClInclude Include="StationOpenGL.h">
      <Filter>头文件</Filter>
    </ClInclude>
    <ClInclude Include="ProjectPropertyForm.h">
      <Filter>头文件</Filter>
    </ClInclude>
    <ClInclude Include="RealRoadForm.h">
      <Filter>头文件</Filter>
    </ClInclude>
    <ClInclude Include="StraightLinePaint.h">
      <Filter>头文件</Filter>
    </ClInclude>
    <ClInclude Include="RealRoadInfo.h">
      <Filter>头文件</Filter>
    </ClInclude>
  </ItemGroup>
  <ItemGroup>
    <ClCompile Include="BeginForm.cpp">
      <Filter>源文件</Filter>
    </ClCompile>
    <ClCompile Include="BusLineInfo.cpp">
      <Filter>源文件</Filter>
    </ClCompile>
    <ClCompile Include="fanganxuanze.cpp">
      <Filter>源文件</Filter>
    </ClCompile>
    <ClCompile Include="guidaoxuanze.cpp">
      <Filter>源文件</Filter>
    </ClCompile>
    <ClCompile Include="liechedingyi.cpp">
      <Filter>源文件</Filter>
    </ClCompile>
    <ClCompile Include="ManydaysForm.cpp">
      <Filter>源文件</Filter>
    </ClCompile>
    <ClCompile Include="moxing.cpp">
      <Filter>源文件</Filter>
    </ClCompile>
    <ClCompile Include="PeopleChangedForm.cpp">
      <Filter>源文件</Filter>
    </ClCompile>
    <ClCompile Include="PeopleFlowForm.cpp">
      <Filter>源文件</Filter>
    </ClCompile>
    <ClCompile Include="PowerDissipationForm1.cpp">
      <Filter>源文件</Filter>
    </ClCompile>
    <ClCompile Include="Single_Project_UpDownPeopleForm.cpp">
      <Filter>源文件</Filter>
    </ClCompile>
    <ClCompile Include="Singleaxis.cpp">
      <Filter>源文件</Filter>
    </ClCompile>
    <ClCompile Include="StationPeopleTimeForm.cpp">
      <Filter>源文件</Filter>
    </ClCompile>
    <ClCompile Include="StationTimePeopleflow.cpp">
      <Filter>源文件</Filter>
    </ClCompile>
    <ClCompile Include="stdafx.cpp">
      <Filter>源文件</Filter>
    </ClCompile>
    <ClCompile Include="TimeandEmptyrateForm.cpp">
      <Filter>源文件</Filter>
    </ClCompile>
    <ClCompile Include="TimeandPeopleFlowForm.cpp">
      <Filter>源文件</Filter>
    </ClCompile>
    <ClCompile Include="TurnToSingleForm.cpp">
      <Filter>源文件</Filter>
    </ClCompile>
    <ClCompile Include="xianludingyi.cpp">
      <Filter>源文件</Filter>
    </ClCompile>
    <ClCompile Include="SimulateRoadForm.cpp">
      <Filter>源文件</Filter>
    </ClCompile>
    <ClCompile Include="StationLogicForm.cpp">
      <Filter>源文件</Filter>
    </ClCompile>
    <ClCompile Include="ProjectPropertyForm.cpp">
      <Filter>源文件</Filter>
    </ClCompile>
    <ClCompile Include="RealRoadForm.cpp">
      <Filter>源文件</Filter>
    </ClCompile>
  </ItemGroup>
  <ItemGroup>
    <None Include="packages.config" />
  </ItemGroup>
  <ItemGroup>
    <EmbeddedResource Include="ProjectPropertyForm.resx">
      <Filter>资源文件</Filter>
    </EmbeddedResource>
    <EmbeddedResource Include="SimulateRoadForm.resx">
      <Filter>资源文件</Filter>
    </EmbeddedResource>
    <EmbeddedResource Include="RealRoadForm.resx">
      <Filter>资源文件</Filter>
    </EmbeddedResource>
    <EmbeddedResource Include="StationLogicForm.resx">
      <Filter>资源文件</Filter>
    </EmbeddedResource>
  </ItemGroup>
</Project>